
Microsoft Visual Studio Solution File, Format Version 11.00
# Visual Studio 2010
Project("{FAE04EC0-301F-11D3-BF4B-00C04F79EFBC}") = "CackePcNotepad", "CackePcNotepad.csproj", "{0D17437B-8FD3-4110-BAD2-139FD5375BAC}"
EndProject
Global
	GlobalSection(SolutionConfigurationPlatforms) = preSolution
		Debug|Any CPU = Debug|Any CPU
		Release|Any CPU = Release|Any CPU
	EndGlobalSection
	GlobalSection(ProjectConfigurationPlatforms) = postSolution
		{0D17437B-8FD3-4110-BAD2-139FD5375BAC}.Debug|Any CPU.ActiveCfg = Debug|Any CPU
		{0D17437B-8FD3-4110-BAD2-139FD5375BAC}.Debug|Any CPU.Build.0 = Debug|Any CPU
		{0D17437B-8FD3-4110-BAD2-139FD5375BAC}.Release|Any CPU.ActiveCfg = Release|Any CPU
		{0D17437B-8FD3-4110-BAD2-139FD5375BAC}.Release|Any CPU.Build.0 = Release|Any CPU
	EndGlobalSection
	GlobalSection(SolutionProperties) = preSolution
		HideSolutionNode = FALSE
	EndGlobalSection
EndGlobal
